
Microsoft Visual Studio Solution File, Format Version 12.00
# Visual Studio Version 16
VisualStudioVersion = 16.0.28729.10
MinimumVisualStudioVersion = 10.0.40219.1
Project("{9A19103F-16F7-4668-BE54-9A1E7A4F7556}") = "Alpha", "A\Alpha.csproj", "{18393418-F01D-4B88-826E-8C77A7B72DB0}"
EndProject
Project("{9A19103F-16F7-4668-BE54-9A1E7A4F7556}") = "Bravo", "B\Bravo.csproj", "{7F19F1C7-4811-47C2-9019-592FE69512D2}"
EndProject
Project("{9A19103F-16F7-4668-BE54-9A1E7A4F7556}") = "Charley", "C\Charley.csproj", "{4BB5904B-FB81-401C-A23B-5F333FE63682}"
EndProject
Project("{9A19103F-16F7-4668-BE54-9A1E7A4F7556}") = "Delta", "D\Delta.csproj", "{D650AE79-515B-473A-BAC8-ECB49BAC1A84}"
EndProject
Project("{9A19103F-16F7-4668-BE54-9A1E7A4F7556}") = "Echo", "E\Echo.csproj", "{9EFDF4F2-EC77-46ED-9E73-5267C2C425D1}"
EndProject
Project("{9A19103F-16F7-4668-BE54-9A1E7A4F7556}") = "Foxtrot", "F\Foxtrot.csproj", "{B4ABCF4B-F8BF-45FA-9A69-537C2153EA2E}"
EndProject
Project("{FAE04EC0-301F-11D3-BF4B-00C04F79EFBC}") = "Root", "Root.csproj", "{2045134E-73A8-487E-B788-CD4232A723E0}"
EndProject
Project("{9A19103F-16F7-4668-BE54-9A1E7A4F7556}") = "Golf", "G\Golf.csproj", "{84732B73-42B1-49C2-A481-F11CA140E1C8}"
EndProject
Project("{9A19103F-16F7-4668-BE54-9A1E7A4F7556}") = "Hotel", "H\Hotel.csproj", "{A28A2A11-F8D0-4678-8C63-6AB3AFBB2051}"
EndProject
Project("{9A19103F-16F7-4668-BE54-9A1E7A4F7556}") = "India", "I\India.csproj", "{14768336-2389-4D3E-B0C3-EAC87E271A86}"
EndProject
Project("{9A19103F-16F7-4668-BE54-9A1E7A4F7556}") = "Juliet", "J\Juliet.csproj", "{11674DC7-D806-4F3B-860C-AF917561B985}"
EndProject
Project("{9A19103F-16F7-4668-BE54-9A1E7A4F7556}") = "Kilo", "K\Kilo.csproj", "{EE13A21C-8D8B-467B-8AEE-0F386B40DCF9}"
EndProject
Project("{9A19103F-16F7-4668-BE54-9A1E7A4F7556}") = "Lima", "L\Lima.csproj", "{A17E5325-C182-485D-B948-02CB93A6049E}"
EndProject
Project("{9A19103F-16F7-4668-BE54-9A1E7A4F7556}") = "Mike", "M\Mike.csproj", "{1977F444-AD29-43CC-9A7F-75F610CFFEE0}"
EndProject
Project("{9A19103F-16F7-4668-BE54-9A1E7A4F7556}") = "November", "N\November.csproj", "{8DCC42FD-5F13-454E-9A7C-D4D9F990405E}"
EndProject
Project("{9A19103F-16F7-4668-BE54-9A1E7A4F7556}") = "Oscar", "O\Oscar.csproj", "{BDBDCBF3-25D8-4EF0-8FE2-20A067C7CCC3}"
EndProject
Global
	GlobalSection(SolutionConfigurationPlatforms) = preSolution
		Debug|Any CPU = Debug|Any CPU
		Release|Any CPU = Release|Any CPU
	EndGlobalSection
	GlobalSection(ProjectConfigurationPlatforms) = postSolution
		{18393418-F01D-4B88-826E-8C77A7B72DB0}.Debug|Any CPU.ActiveCfg = Debug|Any CPU
		{18393418-F01D-4B88-826E-8C77A7B72DB0}.Debug|Any CPU.Build.0 = Debug|Any CPU
		{18393418-F01D-4B88-826E-8C77A7B72DB0}.Release|Any CPU.ActiveCfg = Release|Any CPU
		{18393418-F01D-4B88-826E-8C77A7B72DB0}.Release|Any CPU.Build.0 = Release|Any CPU
		{7F19F1C7-4811-47C2-9019-592FE69512D2}.Debug|Any CPU.ActiveCfg = Debug|Any CPU
		{7F19F1C7-4811-47C2-9019-592FE69512D2}.Debug|Any CPU.Build.0 = Debug|Any CPU
		{7F19F1C7-4811-47C2-9019-592FE69512D2}.Release|Any CPU.ActiveCfg = Release|Any CPU
		{7F19F1C7-4811-47C2-9019-592FE69512D2}.Release|Any CPU.Build.0 = Release|Any CPU
		{4BB5904B-FB81-401C-A23B-5F333FE63682}.Debug|Any CPU.ActiveCfg = Debug|Any CPU
		{4BB5904B-FB81-401C-A23B-5F333FE63682}.Debug|Any CPU.Build.0 = Debug|Any CPU
		{4BB5904B-FB81-401C-A23B-5F333FE63682}.Release|Any CPU.ActiveCfg = Release|Any CPU
		{4BB5904B-FB81-401C-A23B-5F333FE63682}.Release|Any CPU.Build.0 = Release|Any CPU
		{D650AE79-515B-473A-BAC8-ECB49BAC1A84}.Debug|Any CPU.ActiveCfg = Debug|Any CPU
		{D650AE79-515B-473A-BAC8-ECB49BAC1A84}.Debug|Any CPU.Build.0 = Debug|Any CPU
		{D650AE79-515B-473A-BAC8-ECB49BAC1A84}.Release|Any CPU.ActiveCfg = Release|Any CPU
		{D650AE79-515B-473A-BAC8-ECB49BAC1A84}.Release|Any CPU.Build.0 = Release|Any CPU
		{9EFDF4F2-EC77-46ED-9E73-5267C2C425D1}.Debug|Any CPU.ActiveCfg = Debug|Any CPU
		{9EFDF4F2-EC77-46ED-9E73-5267C2C425D1}.Debug|Any CPU.Build.0 = Debug|Any CPU
		{9EFDF4F2-EC77-46ED-9E73-5267C2C425D1}.Release|Any CPU.ActiveCfg = Release|Any CPU
		{9EFDF4F2-EC77-46ED-9E73-5267C2C425D1}.Release|Any CPU.Build.0 = Release|Any CPU
		{B4ABCF4B-F8BF-45FA-9A69-537C2153EA2E}.Debug|Any CPU.ActiveCfg = Debug|Any CPU
		{B4ABCF4B-F8BF-45FA-9A69-537C2153EA2E}.Debug|Any CPU.Build.0 = Debug|Any CPU
		{B4ABCF4B-F8BF-45FA-9A69-537C2153EA2E}.Release|Any CPU.ActiveCfg = Release|Any CPU
		{B4ABCF4B-F8BF-45FA-9A69-537C2153EA2E}.Release|Any CPU.Build.0 = Release|Any CPU
		{2045134E-73A8-487E-B788-CD4232A723E0}.Debug|Any CPU.ActiveCfg = Debug|Any CPU
		{2045134E-73A8-487E-B788-CD4232A723E0}.Debug|Any CPU.Build.0 = Debug|Any CPU
		{2045134E-73A8-487E-B788-CD4232A723E0}.Release|Any CPU.ActiveCfg = Release|Any CPU
		{2045134E-73A8-487E-B788-CD4232A723E0}.Release|Any CPU.Build.0 = Release|Any CPU
		{84732B73-42B1-49C2-A481-F11CA140E1C8}.Debug|Any CPU.ActiveCfg = Debug|Any CPU
		{84732B73-42B1-49C2-A481-F11CA140E1C8}.Debug|Any CPU.Build.0 = Debug|Any CPU
		{84732B73-42B1-49C2-A481-F11CA140E1C8}.Release|Any CPU.ActiveCfg = Release|Any CPU
		{84732B73-42B1-49C2-A481-F11CA140E1C8}.Release|Any CPU.Build.0 = Release|Any CPU
		{A28A2A11-F8D0-4678-8C63-6AB3AFBB2051}.Debug|Any CPU.ActiveCfg = Debug|Any CPU
		{A28A2A11-F8D0-4678-8C63-6AB3AFBB2051}.Debug|Any CPU.Build.0 = Debug|Any CPU
		{A28A2A11-F8D0-4678-8C63-6AB3AFBB2051}.Release|Any CPU.ActiveCfg = Release|Any CPU
		{A28A2A11-F8D0-4678-8C63-6AB3AFBB2051}.Release|Any CPU.Build.0 = Release|Any CPU
		{14768336-2389-4D3E-B0C3-EAC87E271A86}.Debug|Any CPU.ActiveCfg = Debug|Any CPU
		{14768336-2389-4D3E-B0C3-EAC87E271A86}.Debug|Any CPU.Build.0 = Debug|Any CPU
		{14768336-2389-4D3E-B0C3-EAC87E271A86}.Release|Any CPU.ActiveCfg = Release|Any CPU
		{14768336-2389-4D3E-B0C3-EAC87E271A86}.Release|Any CPU.Build.0 = Release|Any CPU
		{11674DC7-D806-4F3B-860C-AF917561B985}.Debug|Any CPU.ActiveCfg = Debug|Any CPU
		{11674DC7-D806-4F3B-860C-AF917561B985}.Debug|Any CPU.Build.0 = Debug|Any CPU
		{11674DC7-D806-4F3B-860C-AF917561B985}.Release|Any CPU.ActiveCfg = Release|Any CPU
		{11674DC7-D806-4F3B-860C-AF917561B985}.Release|Any CPU.Build.0 = Release|Any CPU
		{EE13A21C-8D8B-467B-8AEE-0F386B40DCF9}.Debug|Any CPU.ActiveCfg = Debug|Any CPU
		{EE13A21C-8D8B-467B-8AEE-0F386B40DCF9}.Debug|Any CPU.Build.0 = Debug|Any CPU
		{EE13A21C-8D8B-467B-8AEE-0F386B40DCF9}.Release|Any CPU.ActiveCfg = Release|Any CPU
		{EE13A21C-8D8B-467B-8AEE-0F386B40DCF9}.Release|Any CPU.Build.0 = Release|Any CPU
		{A17E5325-C182-485D-B948-02CB93A6049E}.Debug|Any CPU.ActiveCfg = Debug|Any CPU
		{A17E5325-C182-485D-B948-02CB93A6049E}.Debug|Any CPU.Build.0 = Debug|Any CPU
		{A17E5325-C182-485D-B948-02CB93A6049E}.Release|Any CPU.ActiveCfg = Release|Any CPU
		{A17E5325-C182-485D-B948-02CB93A6049E}.Release|Any CPU.Build.0 = Release|Any CPU
		{1977F444-AD29-43CC-9A7F-75F610CFFEE0}.Debug|Any CPU.ActiveCfg = Debug|Any CPU
		{1977F444-AD29-43CC-9A7F-75F610CFFEE0}.Debug|Any CPU.Build.0 = Debug|Any CPU
		{1977F444-AD29-43CC-9A7F-75F610CFFEE0}.Release|Any CPU.ActiveCfg = Release|Any CPU
		{1977F444-AD29-43CC-9A7F-75F610CFFEE0}.Release|Any CPU.Build.0 = Release|Any CPU
		{8DCC42FD-5F13-454E-9A7C-D4D9F990405E}.Debug|Any CPU.ActiveCfg = Debug|Any CPU
		{8DCC42FD-5F13-454E-9A7C-D4D9F990405E}.Debug|Any CPU.Build.0 = Debug|Any CPU
		{8DCC42FD-5F13-454E-9A7C-D4D9F990405E}.Release|Any CPU.ActiveCfg = Release|Any CPU
		{8DCC42FD-5F13-454E-9A7C-D4D9F990405E}.Release|Any CPU.Build.0 = Release|Any CPU
		{BDBDCBF3-25D8-4EF0-8FE2-20A067C7CCC3}.Debug|Any CPU.ActiveCfg = Debug|Any CPU
		{BDBDCBF3-25D8-4EF0-8FE2-20A067C7CCC3}.Debug|Any CPU.Build.0 = Debug|Any CPU
		{BDBDCBF3-25D8-4EF0-8FE2-20A067C7CCC3}.Release|Any CPU.ActiveCfg = Release|Any CPU
		{BDBDCBF3-25D8-4EF0-8FE2-20A067C7CCC3}.Release|Any CPU.Build.0 = Release|Any CPU
	EndGlobalSection
	GlobalSection(SolutionProperties) = preSolution
		HideSolutionNode = FALSE
	EndGlobalSection
	GlobalSection(ExtensibilityGlobals) = postSolution
		SolutionGuid = {2C9FBAA5-4371-4BD3-8A60-5E449B9C4E20}
	EndGlobalSection
EndGlobal
